
Microsoft Visual Studio Solution File, Format Version 12.00
# Visual Studio Version 16
VisualStudioVersion = 16.0.810.20
MinimumVisualStudioVersion = 10.0.40219.1
Project("{FAE04EC0-301F-11D3-BF4B-00C04F79EFBC}") = "PharmacyValrverd", "PharmacyValrverd\PharmacyValrverd.csproj", "{8A15DC58-9D9B-4E17-9733-C9372FD57EA6}"
EndProject
Global
	GlobalSection(SolutionConfigurationPlatforms) = preSolution
		Debug|Any CPU = Debug|Any CPU
		Release|Any CPU = Release|Any CPU
	EndGlobalSection
	GlobalSection(ProjectConfigurationPlatforms) = postSolution
		{8A15DC58-9D9B-4E17-9733-C9372FD57EA6}.Debug|Any CPU.ActiveCfg = Debug|Any CPU
		{8A15DC58-9D9B-4E17-9733-C9372FD57EA6}.Debug|Any CPU.Build.0 = Debug|Any CPU
		{8A15DC58-9D9B-4E17-9733-C9372FD57EA6}.Release|Any CPU.ActiveCfg = Release|Any CPU
		{8A15DC58-9D9B-4E17-9733-C9372FD57EA6}.Release|Any CPU.Build.0 = Release|Any CPU
	EndGlobalSection
	GlobalSection(SolutionProperties) = preSolution
		HideSolutionNode = FALSE
	EndGlobalSection
	GlobalSection(ExtensibilityGlobals) = postSolution
		SolutionGuid = {4B6F8D8F-E8DF-46E8-84FF-04B243209B3B}
	EndGlobalSection
EndGlobal
